
Microsoft Visual Studio Solution File, Format Version 12.00
# Visual Studio 2015
Project("{FAE04EC0-301F-11D3-BF4B-00C04F79EFBC}") = "LearnWD", "Assembly-CSharp.csproj", "{97816614-B870-1C9A-FD20-98731967848C}"
EndProject
Project("{FAE04EC0-301F-11D3-BF4B-00C04F79EFBC}") = "LearnWD", "Assembly-CSharp-Editor.csproj", "{ACE68583-F6D1-A5C1-6A5D-A782AE6C137E}"
EndProject
Global
	GlobalSection(SolutionConfigurationPlatforms) = preSolution
		Debug|Any CPU = Debug|Any CPU
		Release|Any CPU = Release|Any CPU
	EndGlobalSection
	GlobalSection(ProjectConfigurationPlatforms) = postSolution
		{97816614-B870-1C9A-FD20-98731967848C}.Debug|Any CPU.ActiveCfg = Debug|Any CPU
		{97816614-B870-1C9A-FD20-98731967848C}.Debug|Any CPU.Build.0 = Debug|Any CPU
		{97816614-B870-1C9A-FD20-98731967848C}.Release|Any CPU.ActiveCfg = Release|Any CPU
		{97816614-B870-1C9A-FD20-98731967848C}.Release|Any CPU.Build.0 = Release|Any CPU
		{ACE68583-F6D1-A5C1-6A5D-A782AE6C137E}.Debug|Any CPU.ActiveCfg = Debug|Any CPU
		{ACE68583-F6D1-A5C1-6A5D-A782AE6C137E}.Debug|Any CPU.Build.0 = Debug|Any CPU
		{ACE68583-F6D1-A5C1-6A5D-A782AE6C137E}.Release|Any CPU.ActiveCfg = Release|Any CPU
		{ACE68583-F6D1-A5C1-6A5D-A782AE6C137E}.Release|Any CPU.Build.0 = Release|Any CPU
	EndGlobalSection
	GlobalSection(SolutionProperties) = preSolution
		HideSolutionNode = FALSE
	EndGlobalSection
EndGlobal
